// !$*UTF8*$!
{
	archiveVersion = 1;
	classes = {
	};
	objectVersion = 46;
	objects = {

/* Begin PBXBuildFile section */
		C30D284B1ADDADCF0003DB34 /* Rasterizer.cpp in Sources */ = {isa = PBXBuildFile; fileRef = C30D284A1ADDADCF0003DB34 /* Rasterizer.cpp */; };
		C37EBF771B23B43C00AE80AB /* Obstacles.cpp in Sources */ = {isa = PBXBuildFile; fileRef = C37EBF751B23B43C00AE80AB /* Obstacles.cpp */; };
		C37EBF7A1B23D78800AE80AB /* ParticleEffect.cpp in Sources */ = {isa = PBXBuildFile; fileRef = C37EBF781B23D78800AE80AB /* ParticleEffect.cpp */; };
		C37EBF7D1B23DA2C00AE80AB /* Sphere2.cpp in Sources */ = {isa = PBXBuildFile; fileRef = C37EBF7B1B23DA2C00AE80AB /* Sphere2.cpp */; };
		C37FBEBE1B1EA1DF005C0F9D /* Buildings.cpp in Sources */ = {isa = PBXBuildFile; fileRef = C37FBEBC1B1EA1DF005C0F9D /* Buildings.cpp */; };
		C37FBEC11B1EA91E005C0F9D /* Block.cpp in Sources */ = {isa = PBXBuildFile; fileRef = C37FBEBF1B1EA91E005C0F9D /* Block.cpp */; };
		C37FBEC41B1EB692005C0F9D /* L_System.cpp in Sources */ = {isa = PBXBuildFile; fileRef = C37FBEC21B1EB692005C0F9D /* L_System.cpp */; };
		C37FBECB1B216C8A005C0F9D /* front.ppm in Copy Files (3 items) (9 items) */ = {isa = PBXBuildFile; fileRef = C37FBEC51B216C8A005C0F9D /* front.ppm */; };
		C37FBECC1B216C8A005C0F9D /* base.ppm in Copy Files (3 items) (9 items) */ = {isa = PBXBuildFile; fileRef = C37FBEC61B216C8A005C0F9D /* base.ppm */; };
		C37FBECD1B216C8A005C0F9D /* right.ppm in Copy Files (3 items) (9 items) */ = {isa = PBXBuildFile; fileRef = C37FBEC71B216C8A005C0F9D /* right.ppm */; };
		C37FBECE1B216C8A005C0F9D /* top.ppm in Copy Files (3 items) (9 items) */ = {isa = PBXBuildFile; fileRef = C37FBEC81B216C8A005C0F9D /* top.ppm */; };
		C37FBECF1B216C8A005C0F9D /* left.ppm in Copy Files (3 items) (9 items) */ = {isa = PBXBuildFile; fileRef = C37FBEC91B216C8A005C0F9D /* left.ppm */; };
		C37FBED01B216C8A005C0F9D /* back.ppm in Copy Files (3 items) (9 items) */ = {isa = PBXBuildFile; fileRef = C37FBECA1B216C8A005C0F9D /* back.ppm */; };
		C3C4480C1AD6457F004051B6 /* bear.obj in Copy Files (3 items) (9 items) */ = {isa = PBXBuildFile; fileRef = C3C448091AD6457F004051B6 /* bear.obj */; };
		C3C4480D1AD6457F004051B6 /* dragon.obj in Copy Files (3 items) (9 items) */ = {isa = PBXBuildFile; fileRef = C3C4480A1AD6457F004051B6 /* dragon.obj */; };
		C3C4480E1AD6457F004051B6 /* bunny.obj in Copy Files (3 items) (9 items) */ = {isa = PBXBuildFile; fileRef = C3C4480B1AD6457F004051B6 /* bunny.obj */; };
		C3CF9A2F1AD4541E003E7E8D /* OBJObject.cpp in Sources */ = {isa = PBXBuildFile; fileRef = C3CF9A2D1AD4541E003E7E8D /* OBJObject.cpp */; };
		C3CF9A311AD454D6003E7E8D /* House.cpp in Sources */ = {isa = PBXBuildFile; fileRef = C3CF9A301AD454D6003E7E8D /* House.cpp */; };
		C3FB13231AFAEAF900672315 /* Skybox.cpp in Sources */ = {isa = PBXBuildFile; fileRef = C3FB13211AFAEAF900672315 /* Skybox.cpp */; };
		C3FB13261AFB277300672315 /* Cylinder.cpp in Sources */ = {isa = PBXBuildFile; fileRef = C3FB13241AFB277300672315 /* Cylinder.cpp */; };
		C3FB13531AFBF93100672315 /* Robot.cpp in Sources */ = {isa = PBXBuildFile; fileRef = C3FB134B1AFBF93100672315 /* Robot.cpp */; };
		C3FB13541AFBF93100672315 /* MatrixTransform.cpp in Sources */ = {isa = PBXBuildFile; fileRef = C3FB134C1AFBF93100672315 /* MatrixTransform.cpp */; };
		C3FB13551AFBF93100672315 /* Geode.cpp in Sources */ = {isa = PBXBuildFile; fileRef = C3FB134D1AFBF93100672315 /* Geode.cpp */; };
		C3FB13561AFBF93100672315 /* Node.cpp in Sources */ = {isa = PBXBuildFile; fileRef = C3FB13501AFBF93100672315 /* Node.cpp */; };
		C3FB13571AFBF93100672315 /* Group.cpp in Sources */ = {isa = PBXBuildFile; fileRef = C3FB13521AFBF93100672315 /* Group.cpp */; };
		C3FB13601AFC521200672315 /* Limbs.cpp in Sources */ = {isa = PBXBuildFile; fileRef = C3FB135E1AFC521200672315 /* Limbs.cpp */; };
		C3FB136B1AFC81D300672315 /* ironbody.ppm in Copy Files (3 items) (9 items) */ = {isa = PBXBuildFile; fileRef = C3FB13691AFC81D300672315 /* ironbody.ppm */; };
		C3FB136E1AFC82A900672315 /* ironman.ppm in Copy Files (3 items) (9 items) */ = {isa = PBXBuildFile; fileRef = C3FB136D1AFC82A900672315 /* ironman.ppm */; };
		D42FFC311AAFCC9C006F8E9C /* Matrix4.cpp in Sources */ = {isa = PBXBuildFile; fileRef = D42FFC2A1AAFCC9C006F8E9C /* Matrix4.cpp */; };
		D42FFC321AAFCC9C006F8E9C /* Window.cpp in Sources */ = {isa = PBXBuildFile; fileRef = D42FFC2C1AAFCC9C006F8E9C /* Window.cpp */; };
		D42FFC331AAFCC9C006F8E9C /* Cube.cpp in Sources */ = {isa = PBXBuildFile; fileRef = D42FFC2D1AAFCC9C006F8E9C /* Cube.cpp */; };
		D42FFC351AAFCD9A006F8E9C /* GLUT.framework in Frameworks */ = {isa = PBXBuildFile; fileRef = D42FFC341AAFCD9A006F8E9C /* GLUT.framework */; };
		D42FFC371AAFCDA0006F8E9C /* OpenGL.framework in Frameworks */ = {isa = PBXBuildFile; fileRef = D42FFC361AAFCDA0006F8E9C /* OpenGL.framework */; };
		D42FFC521AAFCF71006F8E9C /* Vector3.cpp in Sources */ = {isa = PBXBuildFile; fileRef = D42FFC381AAFCF71006F8E9C /* Vector3.cpp */; };
		D42FFC531AAFCF71006F8E9C /* Color.cpp in Sources */ = {isa = PBXBuildFile; fileRef = D42FFC391AAFCF71006F8E9C /* Color.cpp */; };
		D42FFC541AAFCF71006F8E9C /* Drawable.cpp in Sources */ = {isa = PBXBuildFile; fileRef = D42FFC3B1AAFCF71006F8E9C /* Drawable.cpp */; };
		D42FFC551AAFCF71006F8E9C /* Camera.cpp in Sources */ = {isa = PBXBuildFile; fileRef = D42FFC3D1AAFCF71006F8E9C /* Camera.cpp */; };
		D42FFC581AAFCF71006F8E9C /* Light.cpp in Sources */ = {isa = PBXBuildFile; fileRef = D42FFC431AAFCF71006F8E9C /* Light.cpp */; };
		D42FFC591AAFCF71006F8E9C /* Sphere.cpp in Sources */ = {isa = PBXBuildFile; fileRef = D42FFC441AAFCF71006F8E9C /* Sphere.cpp */; };
		D42FFC5A1AAFCF71006F8E9C /* UpdateData.cpp in Sources */ = {isa = PBXBuildFile; fileRef = D42FFC481AAFCF71006F8E9C /* UpdateData.cpp */; };
		D42FFC5B1AAFCF71006F8E9C /* DrawData.cpp in Sources */ = {isa = PBXBuildFile; fileRef = D42FFC4A1AAFCF71006F8E9C /* DrawData.cpp */; };
		D42FFC5C1AAFCF71006F8E9C /* Texture.cpp in Sources */ = {isa = PBXBuildFile; fileRef = D42FFC4C1AAFCF71006F8E9C /* Texture.cpp */; };
		D42FFC5D1AAFCF71006F8E9C /* Material.cpp in Sources */ = {isa = PBXBuildFile; fileRef = D42FFC4E1AAFCF71006F8E9C /* Material.cpp */; };
		D42FFC5E1AAFCF71006F8E9C /* Vector4.cpp in Sources */ = {isa = PBXBuildFile; fileRef = D42FFC501AAFCF71006F8E9C /* Vector4.cpp */; };
		D42FFC641AB67F52006F8E9C /* main.cpp in Sources */ = {isa = PBXBuildFile; fileRef = D42FFC631AB67F52006F8E9C /* main.cpp */; };
		D42FFC661AB68012006F8E9C /* Globals.cpp in Sources */ = {isa = PBXBuildFile; fileRef = D42FFC651AB68012006F8E9C /* Globals.cpp */; };
		D4FEE23F1AC895C6006CF92D /* MathTestBench.cpp in Sources */ = {isa = PBXBuildFile; fileRef = D4FEE23D1AC895C6006CF92D /* MathTestBench.cpp */; };
/* End PBXBuildFile section */

/* Begin PBXCopyFilesBuildPhase section */
		C3C448081AD6450C004051B6 /* Copy Files (3 items) (9 items) */ = {
			isa = PBXCopyFilesBuildPhase;
			buildActionMask = 2147483647;
			dstPath = "";
			dstSubfolderSpec = 16;
			files = (
				C37FBECB1B216C8A005C0F9D /* front.ppm in Copy Files (3 items) (9 items) */,
				C37FBECC1B216C8A005C0F9D /* base.ppm in Copy Files (3 items) (9 items) */,
				C37FBECD1B216C8A005C0F9D /* right.ppm in Copy Files (3 items) (9 items) */,
				C37FBECE1B216C8A005C0F9D /* top.ppm in Copy Files (3 items) (9 items) */,
				C37FBECF1B216C8A005C0F9D /* left.ppm in Copy Files (3 items) (9 items) */,
				C37FBED01B216C8A005C0F9D /* back.ppm in Copy Files (3 items) (9 items) */,
				C3FB136E1AFC82A900672315 /* ironman.ppm in Copy Files (3 items) (9 items) */,
				C3FB136B1AFC81D300672315 /* ironbody.ppm in Copy Files (3 items) (9 items) */,
				C3C4480C1AD6457F004051B6 /* bear.obj in Copy Files (3 items) (9 items) */,
				C3C4480D1AD6457F004051B6 /* dragon.obj in Copy Files (3 items) (9 items) */,
				C3C4480E1AD6457F004051B6 /* bunny.obj in Copy Files (3 items) (9 items) */,
			);
			name = "Copy Files (3 items) (9 items)";
			runOnlyForDeploymentPostprocessing = 0;
		};
		D42FFC1C1AAFC90E006F8E9C /* CopyFiles */ = {
			isa = PBXCopyFilesBuildPhase;
			buildActionMask = 2147483647;
			dstPath = /usr/share/man/man1/;
			dstSubfolderSpec = 0;
			files = (
			);
			runOnlyForDeploymentPostprocessing = 1;
		};
/* End PBXCopyFilesBuildPhase section */

/* Begin PBXFileReference section */
		C30D284A1ADDADCF0003DB34 /* Rasterizer.cpp */ = {isa = PBXFileReference; fileEncoding = 4; lastKnownFileType = sourcecode.cpp.cpp; path = Rasterizer.cpp; sourceTree = SOURCE_ROOT; };
		C30D284C1ADDB04F0003DB34 /* Rasterizer.h */ = {isa = PBXFileReference; fileEncoding = 4; lastKnownFileType = sourcecode.c.h; path = Rasterizer.h; sourceTree = SOURCE_ROOT; };
		C37EBF751B23B43C00AE80AB /* Obstacles.cpp */ = {isa = PBXFileReference; fileEncoding = 4; lastKnownFileType = sourcecode.cpp.cpp; path = Obstacles.cpp; sourceTree = SOURCE_ROOT; };
		C37EBF761B23B43C00AE80AB /* Obstacles.h */ = {isa = PBXFileReference; fileEncoding = 4; lastKnownFileType = sourcecode.c.h; path = Obstacles.h; sourceTree = SOURCE_ROOT; };
		C37EBF781B23D78800AE80AB /* ParticleEffect.cpp */ = {isa = PBXFileReference; fileEncoding = 4; lastKnownFileType = sourcecode.cpp.cpp; path = ParticleEffect.cpp; sourceTree = SOURCE_ROOT; };
		C37EBF791B23D78800AE80AB /* ParticleEffect.h */ = {isa = PBXFileReference; fileEncoding = 4; lastKnownFileType = sourcecode.c.h; path = ParticleEffect.h; sourceTree = SOURCE_ROOT; };
		C37EBF7B1B23DA2C00AE80AB /* Sphere2.cpp */ = {isa = PBXFileReference; fileEncoding = 4; lastKnownFileType = sourcecode.cpp.cpp; path = Sphere2.cpp; sourceTree = SOURCE_ROOT; };
		C37EBF7C1B23DA2C00AE80AB /* Sphere2.h */ = {isa = PBXFileReference; fileEncoding = 4; lastKnownFileType = sourcecode.c.h; path = Sphere2.h; sourceTree = SOURCE_ROOT; };
		C37FBEBC1B1EA1DF005C0F9D /* Buildings.cpp */ = {isa = PBXFileReference; fileEncoding = 4; lastKnownFileType = sourcecode.cpp.cpp; path = Buildings.cpp; sourceTree = SOURCE_ROOT; };
		C37FBEBD1B1EA1DF005C0F9D /* Buildings.h */ = {isa = PBXFileReference; fileEncoding = 4; lastKnownFileType = sourcecode.c.h; path = Buildings.h; sourceTree = SOURCE_ROOT; };
		C37FBEBF1B1EA91E005C0F9D /* Block.cpp */ = {isa = PBXFileReference; fileEncoding = 4; lastKnownFileType = sourcecode.cpp.cpp; path = Block.cpp; sourceTree = SOURCE_ROOT; };
		C37FBEC01B1EA91E005C0F9D /* Block.h */ = {isa = PBXFileReference; fileEncoding = 4; lastKnownFileType = sourcecode.c.h; path = Block.h; sourceTree = SOURCE_ROOT; };
		C37FBEC21B1EB692005C0F9D /* L_System.cpp */ = {isa = PBXFileReference; fileEncoding = 4; lastKnownFileType = sourcecode.cpp.cpp; path = L_System.cpp; sourceTree = SOURCE_ROOT; };
		C37FBEC31B1EB692005C0F9D /* L_System.h */ = {isa = PBXFileReference; fileEncoding = 4; lastKnownFileType = sourcecode.c.h; path = L_System.h; sourceTree = SOURCE_ROOT; };
		C37FBEC51B216C8A005C0F9D /* front.ppm */ = {isa = PBXFileReference; lastKnownFileType = text; path = front.ppm; sourceTree = "<group>"; };
		C37FBEC61B216C8A005C0F9D /* base.ppm */ = {isa = PBXFileReference; lastKnownFileType = text; path = base.ppm; sourceTree = "<group>"; };
		C37FBEC71B216C8A005C0F9D /* right.ppm */ = {isa = PBXFileReference; lastKnownFileType = text; path = right.ppm; sourceTree = "<group>"; };
		C37FBEC81B216C8A005C0F9D /* top.ppm */ = {isa = PBXFileReference; lastKnownFileType = text; path = top.ppm; sourceTree = "<group>"; };
		C37FBEC91B216C8A005C0F9D /* left.ppm */ = {isa = PBXFileReference; lastKnownFileType = text; path = left.ppm; sourceTree = "<group>"; };
		C37FBECA1B216C8A005C0F9D /* back.ppm */ = {isa = PBXFileReference; lastKnownFileType = text; path = back.ppm; sourceTree = "<group>"; };
		C3C448091AD6457F004051B6 /* bear.obj */ = {isa = PBXFileReference; lastKnownFileType = text; path = bear.obj; sourceTree = "<group>"; };
		C3C4480A1AD6457F004051B6 /* dragon.obj */ = {isa = PBXFileReference; lastKnownFileType = text; path = dragon.obj; sourceTree = "<group>"; };
		C3C4480B1AD6457F004051B6 /* bunny.obj */ = {isa = PBXFileReference; lastKnownFileType = text; path = bunny.obj; sourceTree = "<group>"; };
		C3CF9A2D1AD4541E003E7E8D /* OBJObject.cpp */ = {isa = PBXFileReference; fileEncoding = 4; lastKnownFileType = sourcecode.cpp.cpp; path = OBJObject.cpp; sourceTree = SOURCE_ROOT; };
		C3CF9A2E1AD4541E003E7E8D /* OBJObject.h */ = {isa = PBXFileReference; fileEncoding = 4; lastKnownFileType = sourcecode.c.h; path = OBJObject.h; sourceTree = SOURCE_ROOT; };
		C3CF9A301AD454D6003E7E8D /* House.cpp */ = {isa = PBXFileReference; fileEncoding = 4; lastKnownFileType = sourcecode.cpp.cpp; path = House.cpp; sourceTree = SOURCE_ROOT; };
		C3CF9A321AD4552F003E7E8D /* House.h */ = {isa = PBXFileReference; fileEncoding = 4; lastKnownFileType = sourcecode.c.h; path = House.h; sourceTree = SOURCE_ROOT; };
		C3FB13211AFAEAF900672315 /* Skybox.cpp */ = {isa = PBXFileReference; fileEncoding = 4; lastKnownFileType = sourcecode.cpp.cpp; path = Skybox.cpp; sourceTree = SOURCE_ROOT; };
		C3FB13221AFAEAF900672315 /* Skybox.h */ = {isa = PBXFileReference; fileEncoding = 4; lastKnownFileType = sourcecode.c.h; path = Skybox.h; sourceTree = SOURCE_ROOT; };
		C3FB13241AFB277300672315 /* Cylinder.cpp */ = {isa = PBXFileReference; fileEncoding = 4; lastKnownFileType = sourcecode.cpp.cpp; path = Cylinder.cpp; sourceTree = SOURCE_ROOT; };
		C3FB13251AFB277300672315 /* Cylinder.h */ = {isa = PBXFileReference; fileEncoding = 4; lastKnownFileType = sourcecode.c.h; path = Cylinder.h; sourceTree = SOURCE_ROOT; };
		C3FB134B1AFBF93100672315 /* Robot.cpp */ = {isa = PBXFileReference; fileEncoding = 4; lastKnownFileType = sourcecode.cpp.cpp; path = Robot.cpp; sourceTree = SOURCE_ROOT; };
		C3FB134C1AFBF93100672315 /* MatrixTransform.cpp */ = {isa = PBXFileReference; fileEncoding = 4; lastKnownFileType = sourcecode.cpp.cpp; path = MatrixTransform.cpp; sourceTree = SOURCE_ROOT; };
		C3FB134D1AFBF93100672315 /* Geode.cpp */ = {isa = PBXFileReference; fileEncoding = 4; lastKnownFileType = sourcecode.cpp.cpp; path = Geode.cpp; sourceTree = SOURCE_ROOT; };
		C3FB134E1AFBF93100672315 /* Geode.h */ = {isa = PBXFileReference; fileEncoding = 4; lastKnownFileType = sourcecode.c.h; path = Geode.h; sourceTree = SOURCE_ROOT; };
		C3FB134F1AFBF93100672315 /* Group.h */ = {isa = PBXFileReference; fileEncoding = 4; lastKnownFileType = sourcecode.c.h; path = Group.h; sourceTree = SOURCE_ROOT; };
		C3FB13501AFBF93100672315 /* Node.cpp */ = {isa = PBXFileReference; fileEncoding = 4; lastKnownFileType = sourcecode.cpp.cpp; path = Node.cpp; sourceTree = SOURCE_ROOT; };
		C3FB13511AFBF93100672315 /* Node.h */ = {isa = PBXFileReference; fileEncoding = 4; lastKnownFileType = sourcecode.c.h; path = Node.h; sourceTree = SOURCE_ROOT; };
		C3FB13521AFBF93100672315 /* Group.cpp */ = {isa = PBXFileReference; fileEncoding = 4; lastKnownFileType = sourcecode.cpp.cpp; path = Group.cpp; sourceTree = SOURCE_ROOT; };
		C3FB13581AFBFB6100672315 /* Robot.h */ = {isa = PBXFileReference; fileEncoding = 4; lastKnownFileType = sourcecode.c.h; path = Robot.h; sourceTree = SOURCE_ROOT; };
		C3FB13591AFBFB6800672315 /* MatrixTransform.h */ = {isa = PBXFileReference; fileEncoding = 4; lastKnownFileType = sourcecode.c.h; path = MatrixTransform.h; sourceTree = SOURCE_ROOT; };
		C3FB135E1AFC521200672315 /* Limbs.cpp */ = {isa = PBXFileReference; fileEncoding = 4; lastKnownFileType = sourcecode.cpp.cpp; path = Limbs.cpp; sourceTree = SOURCE_ROOT; };
		C3FB135F1AFC521200672315 /* Limbs.h */ = {isa = PBXFileReference; fileEncoding = 4; lastKnownFileType = sourcecode.c.h; path = Limbs.h; sourceTree = SOURCE_ROOT; };
		C3FB13691AFC81D300672315 /* ironbody.ppm */ = {isa = PBXFileReference; lastKnownFileType = text; path = ironbody.ppm; sourceTree = "<group>"; };
		C3FB136D1AFC82A900672315 /* ironman.ppm */ = {isa = PBXFileReference; lastKnownFileType = text; path = ironman.ppm; sourceTree = "<group>"; };
		D42FFC1E1AAFC90E006F8E9C /* CSE167 Spring 2015 Starter Code */ = {isa = PBXFileReference; explicitFileType = "compiled.mach-o.executable"; includeInIndex = 0; path = "CSE167 Spring 2015 Starter Code"; sourceTree = BUILT_PRODUCTS_DIR; };
		D42FFC2A1AAFCC9C006F8E9C /* Matrix4.cpp */ = {isa = PBXFileReference; fileEncoding = 4; lastKnownFileType = sourcecode.cpp.cpp; path = Matrix4.cpp; sourceTree = SOURCE_ROOT; };
		D42FFC2B1AAFCC9C006F8E9C /* Matrix4.h */ = {isa = PBXFileReference; fileEncoding = 4; lastKnownFileType = sourcecode.c.h; path = Matrix4.h; sourceTree = SOURCE_ROOT; };
		D42FFC2C1AAFCC9C006F8E9C /* Window.cpp */ = {isa = PBXFileReference; fileEncoding = 4; lastKnownFileType = sourcecode.cpp.cpp; path = Window.cpp; sourceTree = SOURCE_ROOT; };
		D42FFC2D1AAFCC9C006F8E9C /* Cube.cpp */ = {isa = PBXFileReference; fileEncoding = 4; lastKnownFileType = sourcecode.cpp.cpp; path = Cube.cpp; sourceTree = SOURCE_ROOT; };
		D42FFC2F1AAFCC9C006F8E9C /* Cube.h */ = {isa = PBXFileReference; fileEncoding = 4; lastKnownFileType = sourcecode.c.h; path = Cube.h; sourceTree = SOURCE_ROOT; };
		D42FFC301AAFCC9C006F8E9C /* Window.h */ = {isa = PBXFileReference; fileEncoding = 4; lastKnownFileType = sourcecode.c.h; path = Window.h; sourceTree = SOURCE_ROOT; };
		D42FFC341AAFCD9A006F8E9C /* GLUT.framework */ = {isa = PBXFileReference; lastKnownFileType = wrapper.framework; name = GLUT.framework; path = System/Library/Frameworks/GLUT.framework; sourceTree = SDKROOT; };
		D42FFC361AAFCDA0006F8E9C /* OpenGL.framework */ = {isa = PBXFileReference; lastKnownFileType = wrapper.framework; name = OpenGL.framework; path = System/Library/Frameworks/OpenGL.framework; sourceTree = SDKROOT; };
		D42FFC381AAFCF71006F8E9C /* Vector3.cpp */ = {isa = PBXFileReference; fileEncoding = 4; lastKnownFileType = sourcecode.cpp.cpp; path = Vector3.cpp; sourceTree = SOURCE_ROOT; };
		D42FFC391AAFCF71006F8E9C /* Color.cpp */ = {isa = PBXFileReference; fileEncoding = 4; lastKnownFileType = sourcecode.cpp.cpp; path = Color.cpp; sourceTree = SOURCE_ROOT; };
		D42FFC3A1AAFCF71006F8E9C /* Color.h */ = {isa = PBXFileReference; fileEncoding = 4; lastKnownFileType = sourcecode.c.h; path = Color.h; sourceTree = SOURCE_ROOT; };
		D42FFC3B1AAFCF71006F8E9C /* Drawable.cpp */ = {isa = PBXFileReference; fileEncoding = 4; lastKnownFileType = sourcecode.cpp.cpp; path = Drawable.cpp; sourceTree = SOURCE_ROOT; };
		D42FFC3C1AAFCF71006F8E9C /* Vector3.h */ = {isa = PBXFileReference; fileEncoding = 4; lastKnownFileType = sourcecode.c.h; path = Vector3.h; sourceTree = SOURCE_ROOT; };
		D42FFC3D1AAFCF71006F8E9C /* Camera.cpp */ = {isa = PBXFileReference; fileEncoding = 4; lastKnownFileType = sourcecode.cpp.cpp; path = Camera.cpp; sourceTree = SOURCE_ROOT; };
		D42FFC3E1AAFCF71006F8E9C /* Drawable.h */ = {isa = PBXFileReference; fileEncoding = 4; lastKnownFileType = sourcecode.c.h; path = Drawable.h; sourceTree = SOURCE_ROOT; };
		D42FFC3F1AAFCF71006F8E9C /* Camera.h */ = {isa = PBXFileReference; fileEncoding = 4; lastKnownFileType = sourcecode.c.h; path = Camera.h; sourceTree = SOURCE_ROOT; };
		D42FFC431AAFCF71006F8E9C /* Light.cpp */ = {isa = PBXFileReference; fileEncoding = 4; lastKnownFileType = sourcecode.cpp.cpp; path = Light.cpp; sourceTree = SOURCE_ROOT; };
		D42FFC441AAFCF71006F8E9C /* Sphere.cpp */ = {isa = PBXFileReference; fileEncoding = 4; lastKnownFileType = sourcecode.cpp.cpp; path = Sphere.cpp; sourceTree = SOURCE_ROOT; };
		D42FFC451AAFCF71006F8E9C /* Light.h */ = {isa = PBXFileReference; fileEncoding = 4; lastKnownFileType = sourcecode.c.h; path = Light.h; sourceTree = SOURCE_ROOT; };
		D42FFC461AAFCF71006F8E9C /* Sphere.h */ = {isa = PBXFileReference; fileEncoding = 4; lastKnownFileType = sourcecode.c.h; path = Sphere.h; sourceTree = SOURCE_ROOT; };
		D42FFC481AAFCF71006F8E9C /* UpdateData.cpp */ = {isa = PBXFileReference; fileEncoding = 4; lastKnownFileType = sourcecode.cpp.cpp; path = UpdateData.cpp; sourceTree = SOURCE_ROOT; };
		D42FFC491AAFCF71006F8E9C /* UpdateData.h */ = {isa = PBXFileReference; fileEncoding = 4; lastKnownFileType = sourcecode.c.h; path = UpdateData.h; sourceTree = SOURCE_ROOT; };
		D42FFC4A1AAFCF71006F8E9C /* DrawData.cpp */ = {isa = PBXFileReference; fileEncoding = 4; lastKnownFileType = sourcecode.cpp.cpp; path = DrawData.cpp; sourceTree = SOURCE_ROOT; };
		D42FFC4B1AAFCF71006F8E9C /* DrawData.h */ = {isa = PBXFileReference; fileEncoding = 4; lastKnownFileType = sourcecode.c.h; path = DrawData.h; sourceTree = SOURCE_ROOT; };
		D42FFC4C1AAFCF71006F8E9C /* Texture.cpp */ = {isa = PBXFileReference; fileEncoding = 4; lastKnownFileType = sourcecode.cpp.cpp; path = Texture.cpp; sourceTree = SOURCE_ROOT; };
		D42FFC4D1AAFCF71006F8E9C /* Texture.h */ = {isa = PBXFileReference; fileEncoding = 4; lastKnownFileType = sourcecode.c.h; path = Texture.h; sourceTree = SOURCE_ROOT; };
		D42FFC4E1AAFCF71006F8E9C /* Material.cpp */ = {isa = PBXFileReference; fileEncoding = 4; lastKnownFileType = sourcecode.cpp.cpp; path = Material.cpp; sourceTree = SOURCE_ROOT; };
		D42FFC4F1AAFCF71006F8E9C /* Material.h */ = {isa = PBXFileReference; fileEncoding = 4; lastKnownFileType = sourcecode.c.h; path = Material.h; sourceTree = SOURCE_ROOT; };
		D42FFC501AAFCF71006F8E9C /* Vector4.cpp */ = {isa = PBXFileReference; fileEncoding = 4; lastKnownFileType = sourcecode.cpp.cpp; path = Vector4.cpp; sourceTree = SOURCE_ROOT; };
		D42FFC511AAFCF71006F8E9C /* Vector4.h */ = {isa = PBXFileReference; fileEncoding = 4; lastKnownFileType = sourcecode.c.h; path = Vector4.h; sourceTree = SOURCE_ROOT; };
		D42FFC5F1AB672A8006F8E9C /* Globals.h */ = {isa = PBXFileReference; lastKnownFileType = sourcecode.c.h; path = Globals.h; sourceTree = SOURCE_ROOT; };
		D42FFC631AB67F52006F8E9C /* main.cpp */ = {isa = PBXFileReference; fileEncoding = 4; lastKnownFileType = sourcecode.cpp.cpp; path = main.cpp; sourceTree = SOURCE_ROOT; };
		D42FFC651AB68012006F8E9C /* Globals.cpp */ = {isa = PBXFileReference; fileEncoding = 4; lastKnownFileType = sourcecode.cpp.cpp; path = Globals.cpp; sourceTree = SOURCE_ROOT; };
		D4FEE23D1AC895C6006CF92D /* MathTestBench.cpp */ = {isa = PBXFileReference; fileEncoding = 4; lastKnownFileType = sourcecode.cpp.cpp; path = MathTestBench.cpp; sourceTree = SOURCE_ROOT; };
		D4FEE23E1AC895C6006CF92D /* MathTestBench.h */ = {isa = PBXFileReference; fileEncoding = 4; lastKnownFileType = sourcecode.c.h; path = MathTestBench.h; sourceTree = SOURCE_ROOT; };
/* End PBXFileReference section */

/* Begin PBXFrameworksBuildPhase section */
		D42FFC1B1AAFC90E006F8E9C /* Frameworks */ = {
			isa = PBXFrameworksBuildPhase;
			buildActionMask = 2147483647;
			files = (
				D42FFC371AAFCDA0006F8E9C /* OpenGL.framework in Frameworks */,
				D42FFC351AAFCD9A006F8E9C /* GLUT.framework in Frameworks */,
			);
			runOnlyForDeploymentPostprocessing = 0;
		};
/* End PBXFrameworksBuildPhase section */

/* Begin PBXGroup section */
		D42FFC151AAFC90E006F8E9C = {
			isa = PBXGroup;
			children = (
				C37FBEC51B216C8A005C0F9D /* front.ppm */,
				C37FBEC61B216C8A005C0F9D /* base.ppm */,
				C37FBEC71B216C8A005C0F9D /* right.ppm */,
				C37FBEC81B216C8A005C0F9D /* top.ppm */,
				C37FBEC91B216C8A005C0F9D /* left.ppm */,
				C37FBECA1B216C8A005C0F9D /* back.ppm */,
				C3FB136D1AFC82A900672315 /* ironman.ppm */,
				C3FB13691AFC81D300672315 /* ironbody.ppm */,
				C3C448091AD6457F004051B6 /* bear.obj */,
				C3C4480A1AD6457F004051B6 /* dragon.obj */,
				C3C4480B1AD6457F004051B6 /* bunny.obj */,
				D42FFC361AAFCDA0006F8E9C /* OpenGL.framework */,
				D42FFC341AAFCD9A006F8E9C /* GLUT.framework */,
				D42FFC201AAFC90E006F8E9C /* CSE167 Spring 2015 Starter Code */,
				D42FFC1F1AAFC90E006F8E9C /* Products */,
			);
			sourceTree = "<group>";
		};
		D42FFC1F1AAFC90E006F8E9C /* Products */ = {
			isa = PBXGroup;
			children = (
				D42FFC1E1AAFC90E006F8E9C /* CSE167 Spring 2015 Starter Code */,
			);
			name = Products;
			sourceTree = "<group>";
		};
		D42FFC201AAFC90E006F8E9C /* CSE167 Spring 2015 Starter Code */ = {
			isa = PBXGroup;
			children = (
				C37FBEBF1B1EA91E005C0F9D /* Block.cpp */,
				C37FBEC01B1EA91E005C0F9D /* Block.h */,
				C37FBEBC1B1EA1DF005C0F9D /* Buildings.cpp */,
				C37FBEBD1B1EA1DF005C0F9D /* Buildings.h */,
				D42FFC3D1AAFCF71006F8E9C /* Camera.cpp */,
				D42FFC3F1AAFCF71006F8E9C /* Camera.h */,
				D42FFC391AAFCF71006F8E9C /* Color.cpp */,
				D42FFC3A1AAFCF71006F8E9C /* Color.h */,
				D42FFC2D1AAFCC9C006F8E9C /* Cube.cpp */,
				D42FFC2F1AAFCC9C006F8E9C /* Cube.h */,
				C3FB13241AFB277300672315 /* Cylinder.cpp */,
				C3FB13251AFB277300672315 /* Cylinder.h */,
				D42FFC3B1AAFCF71006F8E9C /* Drawable.cpp */,
				D42FFC3E1AAFCF71006F8E9C /* Drawable.h */,
				D42FFC4A1AAFCF71006F8E9C /* DrawData.cpp */,
				D42FFC4B1AAFCF71006F8E9C /* DrawData.h */,
				C3FB134D1AFBF93100672315 /* Geode.cpp */,
				C3FB134E1AFBF93100672315 /* Geode.h */,
				D42FFC651AB68012006F8E9C /* Globals.cpp */,
				D42FFC5F1AB672A8006F8E9C /* Globals.h */,
				C3FB13521AFBF93100672315 /* Group.cpp */,
				C3FB134F1AFBF93100672315 /* Group.h */,
				C3CF9A301AD454D6003E7E8D /* House.cpp */,
				C3CF9A321AD4552F003E7E8D /* House.h */,
				C37FBEC21B1EB692005C0F9D /* L_System.cpp */,
				C37FBEC31B1EB692005C0F9D /* L_System.h */,
				D42FFC431AAFCF71006F8E9C /* Light.cpp */,
				D42FFC451AAFCF71006F8E9C /* Light.h */,
				C3FB135E1AFC521200672315 /* Limbs.cpp */,
				C3FB135F1AFC521200672315 /* Limbs.h */,
				D42FFC631AB67F52006F8E9C /* main.cpp */,
				D42FFC4E1AAFCF71006F8E9C /* Material.cpp */,
				D42FFC4F1AAFCF71006F8E9C /* Material.h */,
				D4FEE23D1AC895C6006CF92D /* MathTestBench.cpp */,
				D4FEE23E1AC895C6006CF92D /* MathTestBench.h */,
				D42FFC2A1AAFCC9C006F8E9C /* Matrix4.cpp */,
				D42FFC2B1AAFCC9C006F8E9C /* Matrix4.h */,
				C3FB134C1AFBF93100672315 /* MatrixTransform.cpp */,
				C3FB13591AFBFB6800672315 /* MatrixTransform.h */,
				C3FB13501AFBF93100672315 /* Node.cpp */,
				C3FB13511AFBF93100672315 /* Node.h */,
				C3CF9A2D1AD4541E003E7E8D /* OBJObject.cpp */,
				C3CF9A2E1AD4541E003E7E8D /* OBJObject.h */,
				C30D284A1ADDADCF0003DB34 /* Rasterizer.cpp */,
				C30D284C1ADDB04F0003DB34 /* Rasterizer.h */,
				C3FB134B1AFBF93100672315 /* Robot.cpp */,
				C3FB13581AFBFB6100672315 /* Robot.h */,
				C3FB13211AFAEAF900672315 /* Skybox.cpp */,
				C3FB13221AFAEAF900672315 /* Skybox.h */,
				D42FFC441AAFCF71006F8E9C /* Sphere.cpp */,
				D42FFC461AAFCF71006F8E9C /* Sphere.h */,
				D42FFC4C1AAFCF71006F8E9C /* Texture.cpp */,
				D42FFC4D1AAFCF71006F8E9C /* Texture.h */,
				D42FFC481AAFCF71006F8E9C /* UpdateData.cpp */,
				D42FFC491AAFCF71006F8E9C /* UpdateData.h */,
				D42FFC381AAFCF71006F8E9C /* Vector3.cpp */,
				D42FFC3C1AAFCF71006F8E9C /* Vector3.h */,
				D42FFC501AAFCF71006F8E9C /* Vector4.cpp */,
				D42FFC511AAFCF71006F8E9C /* Vector4.h */,
				D42FFC2C1AAFCC9C006F8E9C /* Window.cpp */,
				D42FFC301AAFCC9C006F8E9C /* Window.h */,
				C37EBF751B23B43C00AE80AB /* Obstacles.cpp */,
				C37EBF761B23B43C00AE80AB /* Obstacles.h */,
				C37EBF781B23D78800AE80AB /* ParticleEffect.cpp */,
				C37EBF791B23D78800AE80AB /* ParticleEffect.h */,
				C37EBF7B1B23DA2C00AE80AB /* Sphere2.cpp */,
				C37EBF7C1B23DA2C00AE80AB /* Sphere2.h */,
			);
			path = "CSE167 Spring 2015 Starter Code";
			sourceTree = "<group>";
		};
/* End PBXGroup section */

/* Begin PBXNativeTarget section */
		D42FFC1D1AAFC90E006F8E9C /* CSE167 Spring 2015 Starter Code */ = {
			isa = PBXNativeTarget;
			buildConfigurationList = D42FFC271AAFC90E006F8E9C /* Build configuration list for PBXNativeTarget "CSE167 Spring 2015 Starter Code" */;
			buildPhases = (
				D42FFC1A1AAFC90E006F8E9C /* Sources */,
				D42FFC1B1AAFC90E006F8E9C /* Frameworks */,
				D42FFC1C1AAFC90E006F8E9C /* CopyFiles */,
				C3C448081AD6450C004051B6 /* Copy Files (3 items) (9 items) */,
			);
			buildRules = (
			);
			dependencies = (
			);
			name = "CSE167 Spring 2015 Starter Code";
			productName = "CSE167 Spring 2015 Starter Code";
			productReference = D42FFC1E1AAFC90E006F8E9C /* CSE167 Spring 2015 Starter Code */;
			productType = "com.apple.product-type.tool";
		};
/* End PBXNativeTarget section */

/* Begin PBXProject section */
		D42FFC161AAFC90E006F8E9C /* Project object */ = {
			isa = PBXProject;
			attributes = {
				LastUpgradeCheck = 0510;
				ORGANIZATIONNAME = RexWest;
			};
			buildConfigurationList = D42FFC191AAFC90E006F8E9C /* Build configuration list for PBXProject "CSE167 Spring 2015 Starter Code" */;
			compatibilityVersion = "Xcode 3.2";
			developmentRegion = English;
			hasScannedForEncodings = 0;
			knownRegions = (
				en,
			);
			mainGroup = D42FFC151AAFC90E006F8E9C;
			productRefGroup = D42FFC1F1AAFC90E006F8E9C /* Products */;
			projectDirPath = "";
			projectRoot = "";
			targets = (
				D42FFC1D1AAFC90E006F8E9C /* CSE167 Spring 2015 Starter Code */,
			);
		};
/* End PBXProject section */

/* Begin PBXSourcesBuildPhase section */
		D42FFC1A1AAFC90E006F8E9C /* Sources */ = {
			isa = PBXSourcesBuildPhase;
			buildActionMask = 2147483647;
			files = (
				D42FFC661AB68012006F8E9C /* Globals.cpp in Sources */,
				D42FFC5C1AAFCF71006F8E9C /* Texture.cpp in Sources */,
				D42FFC5A1AAFCF71006F8E9C /* UpdateData.cpp in Sources */,
				D42FFC5B1AAFCF71006F8E9C /* DrawData.cpp in Sources */,
				D42FFC581AAFCF71006F8E9C /* Light.cpp in Sources */,
				C3FB13571AFBF93100672315 /* Group.cpp in Sources */,
				C3CF9A311AD454D6003E7E8D /* House.cpp in Sources */,
				D42FFC331AAFCC9C006F8E9C /* Cube.cpp in Sources */,
				C37EBF7A1B23D78800AE80AB /* ParticleEffect.cpp in Sources */,
				C3CF9A2F1AD4541E003E7E8D /* OBJObject.cpp in Sources */,
				C37FBEC11B1EA91E005C0F9D /* Block.cpp in Sources */,
				D42FFC541AAFCF71006F8E9C /* Drawable.cpp in Sources */,
				C3FB13531AFBF93100672315 /* Robot.cpp in Sources */,
				C37FBEC41B1EB692005C0F9D /* L_System.cpp in Sources */,
				D42FFC531AAFCF71006F8E9C /* Color.cpp in Sources */,
				C30D284B1ADDADCF0003DB34 /* Rasterizer.cpp in Sources */,
				C3FB13601AFC521200672315 /* Limbs.cpp in Sources */,
				D42FFC521AAFCF71006F8E9C /* Vector3.cpp in Sources */,
				D42FFC641AB67F52006F8E9C /* main.cpp in Sources */,
				D42FFC551AAFCF71006F8E9C /* Camera.cpp in Sources */,
				C3FB13231AFAEAF900672315 /* Skybox.cpp in Sources */,
				C3FB13561AFBF93100672315 /* Node.cpp in Sources */,
				C3FB13541AFBF93100672315 /* MatrixTransform.cpp in Sources */,
				C37FBEBE1B1EA1DF005C0F9D /* Buildings.cpp in Sources */,
				D42FFC321AAFCC9C006F8E9C /* Window.cpp in Sources */,
				D42FFC5D1AAFCF71006F8E9C /* Material.cpp in Sources */,
				D4FEE23F1AC895C6006CF92D /* MathTestBench.cpp in Sources */,
				C37EBF7D1B23DA2C00AE80AB /* Sphere2.cpp in Sources */,
				D42FFC5E1AAFCF71006F8E9C /* Vector4.cpp in Sources */,
				D42FFC591AAFCF71006F8E9C /* Sphere.cpp in Sources */,
				C3FB13551AFBF93100672315 /* Geode.cpp in Sources */,
				D42FFC311AAFCC9C006F8E9C /* Matrix4.cpp in Sources */,
				C37EBF771B23B43C00AE80AB /* Obstacles.cpp in Sources */,
				C3FB13261AFB277300672315 /* Cylinder.cpp in Sources */,
			);
			runOnlyForDeploymentPostprocessing = 0;
		};
/* End PBXSourcesBuildPhase section */

/* Begin XCBuildConfiguration section */
		D42FFC251AAFC90E006F8E9C /* Debug */ = {
			isa = XCBuildConfiguration;
			buildSettings = {
				ALWAYS_SEARCH_USER_PATHS = NO;
				CLANG_CXX_LANGUAGE_STANDARD = "gnu++0x";
				CLANG_CXX_LIBRARY = "libc++";
				CLANG_ENABLE_MODULES = YES;
				CLANG_ENABLE_OBJC_ARC = YES;
				CLANG_WARN_BOOL_CONVERSION = YES;
				CLANG_WARN_CONSTANT_CONVERSION = YES;
				CLANG_WARN_DIRECT_OBJC_ISA_USAGE = YES_ERROR;
				CLANG_WARN_EMPTY_BODY = YES;
				CLANG_WARN_ENUM_CONVERSION = YES;
				CLANG_WARN_INT_CONVERSION = YES;
				CLANG_WARN_OBJC_ROOT_CLASS = YES_ERROR;
				CLANG_WARN__DUPLICATE_METHOD_MATCH = YES;
				COPY_PHASE_STRIP = NO;
				GCC_C_LANGUAGE_STANDARD = gnu99;
				GCC_DYNAMIC_NO_PIC = NO;
				GCC_ENABLE_OBJC_EXCEPTIONS = YES;
				GCC_OPTIMIZATION_LEVEL = 0;
				GCC_PREPROCESSOR_DEFINITIONS = (
					"DEBUG=1",
					"$(inherited)",
				);
				GCC_SYMBOLS_PRIVATE_EXTERN = NO;
				GCC_WARN_64_TO_32_BIT_CONVERSION = YES;
				GCC_WARN_ABOUT_RETURN_TYPE = YES_ERROR;
				GCC_WARN_UNDECLARED_SELECTOR = YES;
				GCC_WARN_UNINITIALIZED_AUTOS = YES_AGGRESSIVE;
				GCC_WARN_UNUSED_FUNCTION = YES;
				GCC_WARN_UNUSED_VARIABLE = YES;
				MACOSX_DEPLOYMENT_TARGET = 10.8;
				ONLY_ACTIVE_ARCH = YES;
				SDKROOT = macosx;
			};
			name = Debug;
		};
		D42FFC261AAFC90E006F8E9C /* Release */ = {
			isa = XCBuildConfiguration;
			buildSettings = {
				ALWAYS_SEARCH_USER_PATHS = NO;
				CLANG_CXX_LANGUAGE_STANDARD = "gnu++0x";
				CLANG_CXX_LIBRARY = "libc++";
				CLANG_ENABLE_MODULES = YES;
				CLANG_ENABLE_OBJC_ARC = YES;
				CLANG_WARN_BOOL_CONVERSION = YES;
				CLANG_WARN_CONSTANT_CONVERSION = YES;
				CLANG_WARN_DIRECT_OBJC_ISA_USAGE = YES_ERROR;
				CLANG_WARN_EMPTY_BODY = YES;
				CLANG_WARN_ENUM_CONVERSION = YES;
				CLANG_WARN_INT_CONVERSION = YES;
				CLANG_WARN_OBJC_ROOT_CLASS = YES_ERROR;
				CLANG_WARN__DUPLICATE_METHOD_MATCH = YES;
				COPY_PHASE_STRIP = YES;
				DEBUG_INFORMATION_FORMAT = "dwarf-with-dsym";
				ENABLE_NS_ASSERTIONS = NO;
				GCC_C_LANGUAGE_STANDARD = gnu99;
				GCC_ENABLE_OBJC_EXCEPTIONS = YES;
				GCC_WARN_64_TO_32_BIT_CONVERSION = YES;
				GCC_WARN_ABOUT_RETURN_TYPE = YES_ERROR;
				GCC_WARN_UNDECLARED_SELECTOR = YES;
				GCC_WARN_UNINITIALIZED_AUTOS = YES_AGGRESSIVE;
				GCC_WARN_UNUSED_FUNCTION = YES;
				GCC_WARN_UNUSED_VARIABLE = YES;
				MACOSX_DEPLOYMENT_TARGET = 10.8;
				SDKROOT = macosx;
			};
			name = Release;
		};
		D42FFC281AAFC90E006F8E9C /* Debug */ = {
			isa = XCBuildConfiguration;
			buildSettings = {
				PRODUCT_NAME = "$(TARGET_NAME)";
			};
			name = Debug;
		};
		D42FFC291AAFC90E006F8E9C /* Release */ = {
			isa = XCBuildConfiguration;
			buildSettings = {
				PRODUCT_NAME = "$(TARGET_NAME)";
			};
			name = Release;
		};
/* End XCBuildConfiguration section */

/* Begin XCConfigurationList section */
		D42FFC191AAFC90E006F8E9C /* Build configuration list for PBXProject "CSE167 Spring 2015 Starter Code" */ = {
			isa = XCConfigurationList;
			buildConfigurations = (
				D42FFC251AAFC90E006F8E9C /* Debug */,
				D42FFC261AAFC90E006F8E9C /* Release */,
			);
			defaultConfigurationIsVisible = 0;
			defaultConfigurationName = Release;
		};
		D42FFC271AAFC90E006F8E9C /* Build configuration list for PBXNativeTarget "CSE167 Spring 2015 Starter Code" */ = {
			isa = XCConfigurationList;
			buildConfigurations = (
				D42FFC281AAFC90E006F8E9C /* Debug */,
				D42FFC291AAFC90E006F8E9C /* Release */,
			);
			defaultConfigurationIsVisible = 0;
			defaultConfigurationName = Release;
		};
/* End XCConfigurationList section */
	};
	rootObject = D42FFC161AAFC90E006F8E9C /* Project object */;
}
